
Microsoft Visual Studio Solution File, Format Version 12.00
# Visual Studio Version 17
VisualStudioVersion = 17.9.34723.18
MinimumVisualStudioVersion = 10.0.40219.1
Project("{FAE04EC0-301F-11D3-BF4B-00C04F79EFBC}") = "EntityframeworkCoreDay02", "EntityframeworkCoreDay02\EntityframeworkCoreDay02.csproj", "{44C2B5D9-829C-47C9-8654-2BDC7D1E2556}"
EndProject
Project("{FAE04EC0-301F-11D3-BF4B-00C04F79EFBC}") = "AssignmentEntity02", "AssignmentEntity02\AssignmentEntity02.csproj", "{073FE6C2-B298-48B0-A066-0C5D00B007B2}"
EndProject
Global
	GlobalSection(SolutionConfigurationPlatforms) = preSolution
		Debug|Any CPU = Debug|Any CPU
		Release|Any CPU = Release|Any CPU
	EndGlobalSection
	GlobalSection(ProjectConfigurationPlatforms) = postSolution
		{44C2B5D9-829C-47C9-8654-2BDC7D1E2556}.Debug|Any CPU.ActiveCfg = Debug|Any CPU
		{44C2B5D9-829C-47C9-8654-2BDC7D1E2556}.Debug|Any CPU.Build.0 = Debug|Any CPU
		{44C2B5D9-829C-47C9-8654-2BDC7D1E2556}.Release|Any CPU.ActiveCfg = Release|Any CPU
		{44C2B5D9-829C-47C9-8654-2BDC7D1E2556}.Release|Any CPU.Build.0 = Release|Any CPU
		{073FE6C2-B298-48B0-A066-0C5D00B007B2}.Debug|Any CPU.ActiveCfg = Debug|Any CPU
		{073FE6C2-B298-48B0-A066-0C5D00B007B2}.Debug|Any CPU.Build.0 = Debug|Any CPU
		{073FE6C2-B298-48B0-A066-0C5D00B007B2}.Release|Any CPU.ActiveCfg = Release|Any CPU
		{073FE6C2-B298-48B0-A066-0C5D00B007B2}.Release|Any CPU.Build.0 = Release|Any CPU
	EndGlobalSection
	GlobalSection(SolutionProperties) = preSolution
		HideSolutionNode = FALSE
	EndGlobalSection
	GlobalSection(ExtensibilityGlobals) = postSolution
		SolutionGuid = {A4C1BBE0-537E-41FA-AEFF-DCF2701855D5}
	EndGlobalSection
EndGlobal
